
Microsoft Visual Studio Solution File, Format Version 12.00
# Visual Studio Version 16
VisualStudioVersion = 16.0.31129.286
MinimumVisualStudioVersion = 10.0.40219.1
Project("{FAE04EC0-301F-11D3-BF4B-00C04F79EFBC}") = "Avanade.SubTCSE.Projeto.Api", "Avanade.SubTCSE.Projeto.Api\Avanade.SubTCSE.Projeto.Api.csproj", "{AAE1383B-9E00-4251-AE6C-9A5369C51145}"
EndProject
Global
	GlobalSection(SolutionConfigurationPlatforms) = preSolution
		Debug|Any CPU = Debug|Any CPU
		Release|Any CPU = Release|Any CPU
	EndGlobalSection
	GlobalSection(ProjectConfigurationPlatforms) = postSolution
		{AAE1383B-9E00-4251-AE6C-9A5369C51145}.Debug|Any CPU.ActiveCfg = Debug|Any CPU
		{AAE1383B-9E00-4251-AE6C-9A5369C51145}.Debug|Any CPU.Build.0 = Debug|Any CPU
		{AAE1383B-9E00-4251-AE6C-9A5369C51145}.Release|Any CPU.ActiveCfg = Release|Any CPU
		{AAE1383B-9E00-4251-AE6C-9A5369C51145}.Release|Any CPU.Build.0 = Release|Any CPU
	EndGlobalSection
	GlobalSection(SolutionProperties) = preSolution
		HideSolutionNode = FALSE
	EndGlobalSection
	GlobalSection(ExtensibilityGlobals) = postSolution
		SolutionGuid = {B5C7B0CE-0BC6-4EA7-B903-6E1698ABD124}
	EndGlobalSection
EndGlobal
